
Microsoft Visual Studio Solution File, Format Version 12.00
# Visual Studio Version 17
VisualStudioVersion = 17.5.002.0
MinimumVisualStudioVersion = 10.0.40219.1
Project("{9A19103F-16F7-4668-BE54-9A1E7A4F7556}") = "RmsWebAPI", "RmsWebAPI.csproj", "{C7BB5A9B-C2FE-4370-81A8-37457D3F798C}"
EndProject
Global
	GlobalSection(SolutionConfigurationPlatforms) = preSolution
		Debug|Any CPU = Debug|Any CPU
		Release|Any CPU = Release|Any CPU
	EndGlobalSection
	GlobalSection(ProjectConfigurationPlatforms) = postSolution
		{C7BB5A9B-C2FE-4370-81A8-37457D3F798C}.Debug|Any CPU.ActiveCfg = Debug|Any CPU
		{C7BB5A9B-C2FE-4370-81A8-37457D3F798C}.Debug|Any CPU.Build.0 = Debug|Any CPU
		{C7BB5A9B-C2FE-4370-81A8-37457D3F798C}.Release|Any CPU.ActiveCfg = Release|Any CPU
		{C7BB5A9B-C2FE-4370-81A8-37457D3F798C}.Release|Any CPU.Build.0 = Release|Any CPU
	EndGlobalSection
	GlobalSection(SolutionProperties) = preSolution
		HideSolutionNode = FALSE
	EndGlobalSection
	GlobalSection(ExtensibilityGlobals) = postSolution
		SolutionGuid = {1BB2705C-3E8B-44AD-9563-7CADAC14B6B5}
	EndGlobalSection
EndGlobal
